// !$*UTF8*$!
{
	archiveVersion = 1;
	classes = {
	};
	objectVersion = 46;
	objects = {

/* Begin PBXBuildFile section */
		FC18748A1549E86800D73331 /* imparkedpressed.png in Resources */ = {isa = PBXBuildFile; fileRef = FC1874861549E86800D73331 /* imparkedpressed.png */; };
		FC18748B1549E86800D73331 /* imparkedpressed@2x.png in Resources */ = {isa = PBXBuildFile; fileRef = FC1874871549E86800D73331 /* imparkedpressed@2x.png */; };
		FC18748C1549E86800D73331 /* imparked.png in Resources */ = {isa = PBXBuildFile; fileRef = FC1874881549E86800D73331 /* imparked.png */; };
		FC18748D1549E86800D73331 /* imparked@2x.png in Resources */ = {isa = PBXBuildFile; fileRef = FC1874891549E86800D73331 /* imparked@2x.png */; };
		FC1874911549FBFB00D73331 /* compass_interference.png in Resources */ = {isa = PBXBuildFile; fileRef = FC18748F1549FBFB00D73331 /* compass_interference.png */; };
		FC1874921549FBFB00D73331 /* compass_interference@2x.png in Resources */ = {isa = PBXBuildFile; fileRef = FC1874901549FBFB00D73331 /* compass_interference@2x.png */; };
		FC2ABD37154DFB9A0090C9DF /* Icon.png in Resources */ = {isa = PBXBuildFile; fileRef = FC2ABD34154DFB9A0090C9DF /* Icon.png */; };
		FC2ABD38154DFB9A0090C9DF /* Icon@2x.png in Resources */ = {isa = PBXBuildFile; fileRef = FC2ABD35154DFB9A0090C9DF /* Icon@2x.png */; };
		FC2ABD39154DFB9A0090C9DF /* iTunesArtwork.png in Resources */ = {isa = PBXBuildFile; fileRef = FC2ABD36154DFB9A0090C9DF /* iTunesArtwork.png */; };
		FC6B6981154617AE000B9D83 /* UIKit.framework in Frameworks */ = {isa = PBXBuildFile; fileRef = FC6B6980154617AE000B9D83 /* UIKit.framework */; };
		FC6B6983154617AE000B9D83 /* Foundation.framework in Frameworks */ = {isa = PBXBuildFile; fileRef = FC6B6982154617AE000B9D83 /* Foundation.framework */; };
		FC6B6985154617AE000B9D83 /* CoreGraphics.framework in Frameworks */ = {isa = PBXBuildFile; fileRef = FC6B6984154617AE000B9D83 /* CoreGraphics.framework */; };
		FC6B698B154617AE000B9D83 /* InfoPlist.strings in Resources */ = {isa = PBXBuildFile; fileRef = FC6B6989154617AE000B9D83 /* InfoPlist.strings */; };
		FC6B698D154617AE000B9D83 /* main.m in Sources */ = {isa = PBXBuildFile; fileRef = FC6B698C154617AE000B9D83 /* main.m */; };
		FC6B6991154617AF000B9D83 /* AppDelegate.m in Sources */ = {isa = PBXBuildFile; fileRef = FC6B6990154617AF000B9D83 /* AppDelegate.m */; };
		FC6B6994154617AF000B9D83 /* ViewController.m in Sources */ = {isa = PBXBuildFile; fileRef = FC6B6993154617AF000B9D83 /* ViewController.m */; };
		FC6B6997154617AF000B9D83 /* ViewController.xib in Resources */ = {isa = PBXBuildFile; fileRef = FC6B6995154617AF000B9D83 /* ViewController.xib */; };
		FC6B699E15462218000B9D83 /* CoreLocation.framework in Frameworks */ = {isa = PBXBuildFile; fileRef = FC6B699D15462218000B9D83 /* CoreLocation.framework */; };
		FC6B69A315462E28000B9D83 /* test.png in Resources */ = {isa = PBXBuildFile; fileRef = FC6B69A215462E28000B9D83 /* test.png */; };
		FC6B69A515464338000B9D83 /* MapKit.framework in Frameworks */ = {isa = PBXBuildFile; fileRef = FC6B69A415464338000B9D83 /* MapKit.framework */; };
		FC6B69A815464735000B9D83 /* CarLocation.m in Sources */ = {isa = PBXBuildFile; fileRef = FC6B69A715464735000B9D83 /* CarLocation.m */; };
		FC6B69AC15464E27000B9D83 /* small.png in Resources */ = {isa = PBXBuildFile; fileRef = FC6B69AB15464E27000B9D83 /* small.png */; };
		FC6B69B115469321000B9D83 /* background@2x.png in Resources */ = {isa = PBXBuildFile; fileRef = FC6B69AD15469320000B9D83 /* background@2x.png */; };
		FC6B69B215469321000B9D83 /* background.png in Resources */ = {isa = PBXBuildFile; fileRef = FC6B69AE15469321000B9D83 /* background.png */; };
		FC6B69B71546960A000B9D83 /* compass@2x.png in Resources */ = {isa = PBXBuildFile; fileRef = FC6B69B51546960A000B9D83 /* compass@2x.png */; };
		FC6B69B81546960A000B9D83 /* compass.png in Resources */ = {isa = PBXBuildFile; fileRef = FC6B69B61546960A000B9D83 /* compass.png */; };
		FC6B69BA154697C9000B9D83 /* GothamRounded-Book.otf in Resources */ = {isa = PBXBuildFile; fileRef = FC6B69B9154696E8000B9D83 /* GothamRounded-Book.otf */; };
		FC6B69BE15469B77000B9D83 /* car.png in Resources */ = {isa = PBXBuildFile; fileRef = FC6B69BC15469B77000B9D83 /* car.png */; };
		FC6B69BF15469B77000B9D83 /* car@2x.png in Resources */ = {isa = PBXBuildFile; fileRef = FC6B69BD15469B77000B9D83 /* car@2x.png */; };
		FC6B69C21547660B000B9D83 /* shadow@2x.png in Resources */ = {isa = PBXBuildFile; fileRef = FC6B69C01547660B000B9D83 /* shadow@2x.png */; };
		FC6B69C31547660B000B9D83 /* shadow.png in Resources */ = {isa = PBXBuildFile; fileRef = FC6B69C11547660B000B9D83 /* shadow.png */; };
		FC6B69C615476730000B9D83 /* close.png in Resources */ = {isa = PBXBuildFile; fileRef = FC6B69C415476730000B9D83 /* close.png */; };
		FC6B69C715476730000B9D83 /* close@2x.png in Resources */ = {isa = PBXBuildFile; fileRef = FC6B69C515476730000B9D83 /* close@2x.png */; };
		FC6B69CA1547709C000B9D83 /* clock@2x.png in Resources */ = {isa = PBXBuildFile; fileRef = FC6B69C81547709C000B9D83 /* clock@2x.png */; };
		FC6B69CB1547709C000B9D83 /* clock.png in Resources */ = {isa = PBXBuildFile; fileRef = FC6B69C91547709C000B9D83 /* clock.png */; };
/* End PBXBuildFile section */

/* Begin PBXFileReference section */
		FC1874861549E86800D73331 /* imparkedpressed.png */ = {isa = PBXFileReference; lastKnownFileType = image.png; path = imparkedpressed.png; sourceTree = "<group>"; };
		FC1874871549E86800D73331 /* imparkedpressed@2x.png */ = {isa = PBXFileReference; lastKnownFileType = image.png; path = "imparkedpressed@2x.png"; sourceTree = "<group>"; };
		FC1874881549E86800D73331 /* imparked.png */ = {isa = PBXFileReference; lastKnownFileType = image.png; path = imparked.png; sourceTree = "<group>"; };
		FC1874891549E86800D73331 /* imparked@2x.png */ = {isa = PBXFileReference; lastKnownFileType = image.png; path = "imparked@2x.png"; sourceTree = "<group>"; };
		FC18748F1549FBFB00D73331 /* compass_interference.png */ = {isa = PBXFileReference; lastKnownFileType = image.png; path = compass_interference.png; sourceTree = "<group>"; };
		FC1874901549FBFB00D73331 /* compass_interference@2x.png */ = {isa = PBXFileReference; lastKnownFileType = image.png; path = "compass_interference@2x.png"; sourceTree = "<group>"; };
		FC2ABD34154DFB9A0090C9DF /* Icon.png */ = {isa = PBXFileReference; lastKnownFileType = image.png; path = Icon.png; sourceTree = "<group>"; };
		FC2ABD35154DFB9A0090C9DF /* Icon@2x.png */ = {isa = PBXFileReference; lastKnownFileType = image.png; path = "Icon@2x.png"; sourceTree = "<group>"; };
		FC2ABD36154DFB9A0090C9DF /* iTunesArtwork.png */ = {isa = PBXFileReference; lastKnownFileType = image.png; path = iTunesArtwork.png; sourceTree = "<group>"; };
		FC6B697C154617AE000B9D83 /* park.app */ = {isa = PBXFileReference; explicitFileType = wrapper.application; includeInIndex = 0; path = park.app; sourceTree = BUILT_PRODUCTS_DIR; };
		FC6B6980154617AE000B9D83 /* UIKit.framework */ = {isa = PBXFileReference; lastKnownFileType = wrapper.framework; name = UIKit.framework; path = System/Library/Frameworks/UIKit.framework; sourceTree = SDKROOT; };
		FC6B6982154617AE000B9D83 /* Foundation.framework */ = {isa = PBXFileReference; lastKnownFileType = wrapper.framework; name = Foundation.framework; path = System/Library/Frameworks/Foundation.framework; sourceTree = SDKROOT; };
		FC6B6984154617AE000B9D83 /* CoreGraphics.framework */ = {isa = PBXFileReference; lastKnownFileType = wrapper.framework; name = CoreGraphics.framework; path = System/Library/Frameworks/CoreGraphics.framework; sourceTree = SDKROOT; };
		FC6B6988154617AE000B9D83 /* park-Info.plist */ = {isa = PBXFileReference; lastKnownFileType = text.plist.xml; path = "park-Info.plist"; sourceTree = "<group>"; };
		FC6B698A154617AE000B9D83 /* en */ = {isa = PBXFileReference; lastKnownFileType = text.plist.strings; name = en; path = en.lproj/InfoPlist.strings; sourceTree = "<group>"; };
		FC6B698C154617AE000B9D83 /* main.m */ = {isa = PBXFileReference; lastKnownFileType = sourcecode.c.objc; path = main.m; sourceTree = "<group>"; };
		FC6B698E154617AE000B9D83 /* park-Prefix.pch */ = {isa = PBXFileReference; lastKnownFileType = sourcecode.c.h; path = "park-Prefix.pch"; sourceTree = "<group>"; };
		FC6B698F154617AF000B9D83 /* AppDelegate.h */ = {isa = PBXFileReference; lastKnownFileType = sourcecode.c.h; path = AppDelegate.h; sourceTree = "<group>"; };
		FC6B6990154617AF000B9D83 /* AppDelegate.m */ = {isa = PBXFileReference; lastKnownFileType = sourcecode.c.objc; path = AppDelegate.m; sourceTree = "<group>"; };
		FC6B6992154617AF000B9D83 /* ViewController.h */ = {isa = PBXFileReference; lastKnownFileType = sourcecode.c.h; path = ViewController.h; sourceTree = "<group>"; };
		FC6B6993154617AF000B9D83 /* ViewController.m */ = {isa = PBXFileReference; lastKnownFileType = sourcecode.c.objc; path = ViewController.m; sourceTree = "<group>"; };
		FC6B6996154617AF000B9D83 /* en */ = {isa = PBXFileReference; lastKnownFileType = file.xib; name = en; path = en.lproj/ViewController.xib; sourceTree = "<group>"; };
		FC6B699D15462218000B9D83 /* CoreLocation.framework */ = {isa = PBXFileReference; lastKnownFileType = wrapper.framework; name = CoreLocation.framework; path = System/Library/Frameworks/CoreLocation.framework; sourceTree = SDKROOT; };
		FC6B69A215462E28000B9D83 /* test.png */ = {isa = PBXFileReference; lastKnownFileType = image.png; path = test.png; sourceTree = "<group>"; };
		FC6B69A415464338000B9D83 /* MapKit.framework */ = {isa = PBXFileReference; lastKnownFileType = wrapper.framework; name = MapKit.framework; path = System/Library/Frameworks/MapKit.framework; sourceTree = SDKROOT; };
		FC6B69A615464735000B9D83 /* CarLocation.h */ = {isa = PBXFileReference; fileEncoding = 4; lastKnownFileType = sourcecode.c.h; path = CarLocation.h; sourceTree = "<group>"; };
		FC6B69A715464735000B9D83 /* CarLocation.m */ = {isa = PBXFileReference; fileEncoding = 4; lastKnownFileType = sourcecode.c.objc; path = CarLocation.m; sourceTree = "<group>"; };
		FC6B69AB15464E27000B9D83 /* small.png */ = {isa = PBXFileReference; lastKnownFileType = image.png; path = small.png; sourceTree = "<group>"; };
		FC6B69AD15469320000B9D83 /* background@2x.png */ = {isa = PBXFileReference; lastKnownFileType = image.png; path = "background@2x.png"; sourceTree = "<group>"; };
		FC6B69AE15469321000B9D83 /* background.png */ = {isa = PBXFileReference; lastKnownFileType = image.png; path = background.png; sourceTree = "<group>"; };
		FC6B69B51546960A000B9D83 /* compass@2x.png */ = {isa = PBXFileReference; lastKnownFileType = image.png; path = "compass@2x.png"; sourceTree = "<group>"; };
		FC6B69B61546960A000B9D83 /* compass.png */ = {isa = PBXFileReference; lastKnownFileType = image.png; path = compass.png; sourceTree = "<group>"; };
		FC6B69B9154696E8000B9D83 /* GothamRounded-Book.otf */ = {isa = PBXFileReference; lastKnownFileType = file; path = "GothamRounded-Book.otf"; sourceTree = "<group>"; };
		FC6B69BB15469878000B9D83 /* gothamroundedbook.ttf */ = {isa = PBXFileReference; lastKnownFileType = file; path = gothamroundedbook.ttf; sourceTree = "<group>"; };
		FC6B69BC15469B77000B9D83 /* car.png */ = {isa = PBXFileReference; lastKnownFileType = image.png; path = car.png; sourceTree = "<group>"; };
		FC6B69BD15469B77000B9D83 /* car@2x.png */ = {isa = PBXFileReference; lastKnownFileType = image.png; path = "car@2x.png"; sourceTree = "<group>"; };
		FC6B69C01547660B000B9D83 /* shadow@2x.png */ = {isa = PBXFileReference; lastKnownFileType = image.png; path = "shadow@2x.png"; sourceTree = "<group>"; };
		FC6B69C11547660B000B9D83 /* shadow.png */ = {isa = PBXFileReference; lastKnownFileType = image.png; path = shadow.png; sourceTree = "<group>"; };
		FC6B69C415476730000B9D83 /* close.png */ = {isa = PBXFileReference; lastKnownFileType = image.png; path = close.png; sourceTree = "<group>"; };
		FC6B69C515476730000B9D83 /* close@2x.png */ = {isa = PBXFileReference; lastKnownFileType = image.png; path = "close@2x.png"; sourceTree = "<group>"; };
		FC6B69C81547709C000B9D83 /* clock@2x.png */ = {isa = PBXFileReference; lastKnownFileType = image.png; path = "clock@2x.png"; sourceTree = "<group>"; };
		FC6B69C91547709C000B9D83 /* clock.png */ = {isa = PBXFileReference; lastKnownFileType = image.png; path = clock.png; sourceTree = "<group>"; };
/* End PBXFileReference section */

/* Begin PBXFrameworksBuildPhase section */
		FC6B6979154617AE000B9D83 /* Frameworks */ = {
			isa = PBXFrameworksBuildPhase;
			buildActionMask = 2147483647;
			files = (
				FC6B69A515464338000B9D83 /* MapKit.framework in Frameworks */,
				FC6B699E15462218000B9D83 /* CoreLocation.framework in Frameworks */,
				FC6B6981154617AE000B9D83 /* UIKit.framework in Frameworks */,
				FC6B6983154617AE000B9D83 /* Foundation.framework in Frameworks */,
				FC6B6985154617AE000B9D83 /* CoreGraphics.framework in Frameworks */,
			);
			runOnlyForDeploymentPostprocessing = 0;
		};
/* End PBXFrameworksBuildPhase section */

/* Begin PBXGroup section */
		FC6B6971154617AE000B9D83 = {
			isa = PBXGroup;
			children = (
				FC6B69A415464338000B9D83 /* MapKit.framework */,
				FC6B699D15462218000B9D83 /* CoreLocation.framework */,
				FC6B6986154617AE000B9D83 /* park */,
				FC6B697F154617AE000B9D83 /* Frameworks */,
				FC6B697D154617AE000B9D83 /* Products */,
			);
			sourceTree = "<group>";
		};
		FC6B697D154617AE000B9D83 /* Products */ = {
			isa = PBXGroup;
			children = (
				FC6B697C154617AE000B9D83 /* park.app */,
			);
			name = Products;
			sourceTree = "<group>";
		};
		FC6B697F154617AE000B9D83 /* Frameworks */ = {
			isa = PBXGroup;
			children = (
				FC6B6980154617AE000B9D83 /* UIKit.framework */,
				FC6B6982154617AE000B9D83 /* Foundation.framework */,
				FC6B6984154617AE000B9D83 /* CoreGraphics.framework */,
			);
			name = Frameworks;
			sourceTree = "<group>";
		};
		FC6B6986154617AE000B9D83 /* park */ = {
			isa = PBXGroup;
			children = (
				FC6B698F154617AF000B9D83 /* AppDelegate.h */,
				FC6B6990154617AF000B9D83 /* AppDelegate.m */,
				FC6B6992154617AF000B9D83 /* ViewController.h */,
				FC6B6993154617AF000B9D83 /* ViewController.m */,
				FC6B69A615464735000B9D83 /* CarLocation.h */,
				FC6B69A715464735000B9D83 /* CarLocation.m */,
				FC6B6995154617AF000B9D83 /* ViewController.xib */,
				FC6B69A215462E28000B9D83 /* test.png */,
				FC6B69AB15464E27000B9D83 /* small.png */,
				FC6B69AD15469320000B9D83 /* background@2x.png */,
				FC6B69AE15469321000B9D83 /* background.png */,
				FC6B69B51546960A000B9D83 /* compass@2x.png */,
				FC6B69B61546960A000B9D83 /* compass.png */,
				FC6B69B9154696E8000B9D83 /* GothamRounded-Book.otf */,
				FC6B69BB15469878000B9D83 /* gothamroundedbook.ttf */,
				FC6B69BC15469B77000B9D83 /* car.png */,
				FC6B69BD15469B77000B9D83 /* car@2x.png */,
				FC6B69C01547660B000B9D83 /* shadow@2x.png */,
				FC6B69C11547660B000B9D83 /* shadow.png */,
				FC6B69C415476730000B9D83 /* close.png */,
				FC6B69C515476730000B9D83 /* close@2x.png */,
				FC6B69C81547709C000B9D83 /* clock@2x.png */,
				FC6B69C91547709C000B9D83 /* clock.png */,
				FC1874861549E86800D73331 /* imparkedpressed.png */,
				FC1874871549E86800D73331 /* imparkedpressed@2x.png */,
				FC1874881549E86800D73331 /* imparked.png */,
				FC1874891549E86800D73331 /* imparked@2x.png */,
				FC18748F1549FBFB00D73331 /* compass_interference.png */,
				FC1874901549FBFB00D73331 /* compass_interference@2x.png */,
				FC2ABD34154DFB9A0090C9DF /* Icon.png */,
				FC2ABD35154DFB9A0090C9DF /* Icon@2x.png */,
				FC2ABD36154DFB9A0090C9DF /* iTunesArtwork.png */,
				FC6B6987154617AE000B9D83 /* Supporting Files */,
			);
			path = park;
			sourceTree = "<group>";
		};
		FC6B6987154617AE000B9D83 /* Supporting Files */ = {
			isa = PBXGroup;
			children = (
				FC6B6988154617AE000B9D83 /* park-Info.plist */,
				FC6B6989154617AE000B9D83 /* InfoPlist.strings */,
				FC6B698C154617AE000B9D83 /* main.m */,
				FC6B698E154617AE000B9D83 /* park-Prefix.pch */,
			);
			name = "Supporting Files";
			sourceTree = "<group>";
		};
/* End PBXGroup section */

/* Begin PBXNativeTarget section */
		FC6B697B154617AE000B9D83 /* park */ = {
			isa = PBXNativeTarget;
			buildConfigurationList = FC6B699A154617AF000B9D83 /* Build configuration list for PBXNativeTarget "park" */;
			buildPhases = (
				FC6B6978154617AE000B9D83 /* Sources */,
				FC6B6979154617AE000B9D83 /* Frameworks */,
				FC6B697A154617AE000B9D83 /* Resources */,
			);
			buildRules = (
			);
			dependencies = (
			);
			name = park;
			productName = park;
			productReference = FC6B697C154617AE000B9D83 /* park.app */;
			productType = "com.apple.product-type.application";
		};
/* End PBXNativeTarget section */

/* Begin PBXProject section */
		FC6B6973154617AE000B9D83 /* Project object */ = {
			isa = PBXProject;
			attributes = {
				LastUpgradeCheck = 0430;
			};
			buildConfigurationList = FC6B6976154617AE000B9D83 /* Build configuration list for PBXProject "park" */;
			compatibilityVersion = "Xcode 3.2";
			developmentRegion = English;
			hasScannedForEncodings = 0;
			knownRegions = (
				en,
			);
			mainGroup = FC6B6971154617AE000B9D83;
			productRefGroup = FC6B697D154617AE000B9D83 /* Products */;
			projectDirPath = "";
			projectRoot = "";
			targets = (
				FC6B697B154617AE000B9D83 /* park */,
			);
		};
/* End PBXProject section */

/* Begin PBXResourcesBuildPhase section */
		FC6B697A154617AE000B9D83 /* Resources */ = {
			isa = PBXResourcesBuildPhase;
			buildActionMask = 2147483647;
			files = (
				FC6B69BA154697C9000B9D83 /* GothamRounded-Book.otf in Resources */,
				FC6B698B154617AE000B9D83 /* InfoPlist.strings in Resources */,
				FC6B6997154617AF000B9D83 /* ViewController.xib in Resources */,
				FC6B69A315462E28000B9D83 /* test.png in Resources */,
				FC6B69AC15464E27000B9D83 /* small.png in Resources */,
				FC6B69B115469321000B9D83 /* background@2x.png in Resources */,
				FC6B69B215469321000B9D83 /* background.png in Resources */,
				FC6B69B71546960A000B9D83 /* compass@2x.png in Resources */,
				FC6B69B81546960A000B9D83 /* compass.png in Resources */,
				FC6B69BE15469B77000B9D83 /* car.png in Resources */,
				FC6B69BF15469B77000B9D83 /* car@2x.png in Resources */,
				FC6B69C21547660B000B9D83 /* shadow@2x.png in Resources */,
				FC6B69C31547660B000B9D83 /* shadow.png in Resources */,
				FC6B69C615476730000B9D83 /* close.png in Resources */,
				FC6B69C715476730000B9D83 /* close@2x.png in Resources */,
				FC6B69CA1547709C000B9D83 /* clock@2x.png in Resources */,
				FC6B69CB1547709C000B9D83 /* clock.png in Resources */,
				FC18748A1549E86800D73331 /* imparkedpressed.png in Resources */,
				FC18748B1549E86800D73331 /* imparkedpressed@2x.png in Resources */,
				FC18748C1549E86800D73331 /* imparked.png in Resources */,
				FC18748D1549E86800D73331 /* imparked@2x.png in Resources */,
				FC1874911549FBFB00D73331 /* compass_interference.png in Resources */,
				FC1874921549FBFB00D73331 /* compass_interference@2x.png in Resources */,
				FC2ABD37154DFB9A0090C9DF /* Icon.png in Resources */,
				FC2ABD38154DFB9A0090C9DF /* Icon@2x.png in Resources */,
				FC2ABD39154DFB9A0090C9DF /* iTunesArtwork.png in Resources */,
			);
			runOnlyForDeploymentPostprocessing = 0;
		};
/* End PBXResourcesBuildPhase section */

/* Begin PBXSourcesBuildPhase section */
		FC6B6978154617AE000B9D83 /* Sources */ = {
			isa = PBXSourcesBuildPhase;
			buildActionMask = 2147483647;
			files = (
				FC6B698D154617AE000B9D83 /* main.m in Sources */,
				FC6B6991154617AF000B9D83 /* AppDelegate.m in Sources */,
				FC6B6994154617AF000B9D83 /* ViewController.m in Sources */,
				FC6B69A815464735000B9D83 /* CarLocation.m in Sources */,
			);
			runOnlyForDeploymentPostprocessing = 0;
		};
/* End PBXSourcesBuildPhase section */

/* Begin PBXVariantGroup section */
		FC6B6989154617AE000B9D83 /* InfoPlist.strings */ = {
			isa = PBXVariantGroup;
			children = (
				FC6B698A154617AE000B9D83 /* en */,
			);
			name = InfoPlist.strings;
			sourceTree = "<group>";
		};
		FC6B6995154617AF000B9D83 /* ViewController.xib */ = {
			isa = PBXVariantGroup;
			children = (
				FC6B6996154617AF000B9D83 /* en */,
			);
			name = ViewController.xib;
			sourceTree = "<group>";
		};
/* End PBXVariantGroup section */

/* Begin XCBuildConfiguration section */
		FC6B6998154617AF000B9D83 /* Debug */ = {
			isa = XCBuildConfiguration;
			buildSettings = {
				ALWAYS_SEARCH_USER_PATHS = NO;
				ARCHS = "$(ARCHS_STANDARD_32_BIT)";
				CLANG_ENABLE_OBJC_ARC = YES;
				"CODE_SIGN_IDENTITY[sdk=iphoneos*]" = "iPhone Developer";
				COPY_PHASE_STRIP = NO;
				GCC_C_LANGUAGE_STANDARD = gnu99;
				GCC_DYNAMIC_NO_PIC = NO;
				GCC_OPTIMIZATION_LEVEL = 0;
				GCC_PREPROCESSOR_DEFINITIONS = (
					"DEBUG=1",
					"$(inherited)",
				);
				GCC_SYMBOLS_PRIVATE_EXTERN = NO;
				GCC_VERSION = com.apple.compilers.llvm.clang.1_0;
				GCC_WARN_ABOUT_RETURN_TYPE = YES;
				GCC_WARN_UNINITIALIZED_AUTOS = YES;
				GCC_WARN_UNUSED_VARIABLE = YES;
				IPHONEOS_DEPLOYMENT_TARGET = 5.1;
				PRODUCT_NAME = park;
				SDKROOT = iphoneos;
			};
			name = Debug;
		};
		FC6B6999154617AF000B9D83 /* Release */ = {
			isa = XCBuildConfiguration;
			buildSettings = {
				ALWAYS_SEARCH_USER_PATHS = NO;
				ARCHS = "$(ARCHS_STANDARD_32_BIT)";
				CLANG_ENABLE_OBJC_ARC = YES;
				"CODE_SIGN_IDENTITY[sdk=iphoneos*]" = "iPhone Developer";
				COPY_PHASE_STRIP = YES;
				GCC_C_LANGUAGE_STANDARD = gnu99;
				GCC_VERSION = com.apple.compilers.llvm.clang.1_0;
				GCC_WARN_ABOUT_RETURN_TYPE = YES;
				GCC_WARN_UNINITIALIZED_AUTOS = YES;
				GCC_WARN_UNUSED_VARIABLE = YES;
				IPHONEOS_DEPLOYMENT_TARGET = 5.1;
				OTHER_CFLAGS = "-DNS_BLOCK_ASSERTIONS=1";
				PRODUCT_NAME = park;
				SDKROOT = iphoneos;
				VALIDATE_PRODUCT = YES;
			};
			name = Release;
		};
		FC6B699B154617AF000B9D83 /* Debug */ = {
			isa = XCBuildConfiguration;
			buildSettings = {
				GCC_PRECOMPILE_PREFIX_HEADER = YES;
				GCC_PREFIX_HEADER = "park/park-Prefix.pch";
				INFOPLIST_FILE = "park/park-Info.plist";
				PRODUCT_NAME = "$(TARGET_NAME)";
				WRAPPER_EXTENSION = app;
			};
			name = Debug;
		};
		FC6B699C154617AF000B9D83 /* Release */ = {
			isa = XCBuildConfiguration;
			buildSettings = {
				GCC_PRECOMPILE_PREFIX_HEADER = YES;
				GCC_PREFIX_HEADER = "park/park-Prefix.pch";
				INFOPLIST_FILE = "park/park-Info.plist";
				PRODUCT_NAME = "$(TARGET_NAME)";
				WRAPPER_EXTENSION = app;
			};
			name = Release;
		};
/* End XCBuildConfiguration section */

/* Begin XCConfigurationList section */
		FC6B6976154617AE000B9D83 /* Build configuration list for PBXProject "park" */ = {
			isa = XCConfigurationList;
			buildConfigurations = (
				FC6B6998154617AF000B9D83 /* Debug */,
				FC6B6999154617AF000B9D83 /* Release */,
			);
			defaultConfigurationIsVisible = 0;
			defaultConfigurationName = Release;
		};
		FC6B699A154617AF000B9D83 /* Build configuration list for PBXNativeTarget "park" */ = {
			isa = XCConfigurationList;
			buildConfigurations = (
				FC6B699B154617AF000B9D83 /* Debug */,
				FC6B699C154617AF000B9D83 /* Release */,
			);
			defaultConfigurationIsVisible = 0;
			defaultConfigurationName = Release;
		};
/* End XCConfigurationList section */
	};
	rootObject = FC6B6973154617AE000B9D83 /* Project object */;
}
